
Microsoft Visual Studio Solution File, Format Version 12.00
# Visual Studio Version 17
VisualStudioVersion = 17.13.35931.197 d17.13
MinimumVisualStudioVersion = 10.0.40219.1
Project("{FAE04EC0-301F-11D3-BF4B-00C04F79EFBC}") = "ConsoleApp10", "ConsoleApp10\ConsoleApp10.csproj", "{4025B310-706E-4500-B4A4-997DA2B7670C}"
EndProject
Global
	GlobalSection(SolutionConfigurationPlatforms) = preSolution
		Debug|Any CPU = Debug|Any CPU
		Release|Any CPU = Release|Any CPU
	EndGlobalSection
	GlobalSection(ProjectConfigurationPlatforms) = postSolution
		{4025B310-706E-4500-B4A4-997DA2B7670C}.Debug|Any CPU.ActiveCfg = Debug|Any CPU
		{4025B310-706E-4500-B4A4-997DA2B7670C}.Debug|Any CPU.Build.0 = Debug|Any CPU
		{4025B310-706E-4500-B4A4-997DA2B7670C}.Release|Any CPU.ActiveCfg = Release|Any CPU
		{4025B310-706E-4500-B4A4-997DA2B7670C}.Release|Any CPU.Build.0 = Release|Any CPU
	EndGlobalSection
	GlobalSection(SolutionProperties) = preSolution
		HideSolutionNode = FALSE
	EndGlobalSection
	GlobalSection(ExtensibilityGlobals) = postSolution
		SolutionGuid = {42B34ABA-3A50-4517-8974-6572A347E8F1}
	EndGlobalSection
EndGlobal
